
Microsoft Visual Studio Solution File, Format Version 12.00
# Visual Studio Version 17
VisualStudioVersion = 17.13.35931.197 d17.13
MinimumVisualStudioVersion = 10.0.40219.1
Project("{FAE04EC0-301F-11D3-BF4B-00C04F79EFBC}") = "HotelBookingAPI", "HotelBookingAPI\HotelBookingAPI.csproj", "{6ABA16D2-294C-4C64-A468-70C73661335E}"
EndProject
Global
	GlobalSection(SolutionConfigurationPlatforms) = preSolution
		Debug|Any CPU = Debug|Any CPU
		Release|Any CPU = Release|Any CPU
	EndGlobalSection
	GlobalSection(ProjectConfigurationPlatforms) = postSolution
		{6ABA16D2-294C-4C64-A468-70C73661335E}.Debug|Any CPU.ActiveCfg = Debug|Any CPU
		{6ABA16D2-294C-4C64-A468-70C73661335E}.Debug|Any CPU.Build.0 = Debug|Any CPU
		{6ABA16D2-294C-4C64-A468-70C73661335E}.Release|Any CPU.ActiveCfg = Release|Any CPU
		{6ABA16D2-294C-4C64-A468-70C73661335E}.Release|Any CPU.Build.0 = Release|Any CPU
	EndGlobalSection
	GlobalSection(SolutionProperties) = preSolution
		HideSolutionNode = FALSE
	EndGlobalSection
	GlobalSection(ExtensibilityGlobals) = postSolution
		SolutionGuid = {82180172-4A5D-483A-8459-90D117DE7886}
	EndGlobalSection
EndGlobal
